dependencies:
- name: edp-tekton-common-library
  repository: file://../common-library
  version: 0.2.4
- name: edp-tekton-interceptor
  repository: file://../interceptor
  version: 0.2.4
- name: edp-tekton-dashboard
  repository: file://../tekton-dashboard
  version: 0.31.1
digest: sha256:8782edf7fefec67fce844f29bb847c1c9d6ad50e592c13f62abe6610ab824c65
generated: "2023-01-17T18:00:08.2248588+02:00"
